
Microsoft Visual Studio Solution File, Format Version 12.00
# Visual Studio Version 16
VisualStudioVersion = 16.0.28803.202
MinimumVisualStudioVersion = 10.0.40219.1
Project("{9092AA53-FB77-4645-B42D-1CCCA6BD08BD}") = "ishop-client", "ishop-client.njsproj", "{0BD3C7B5-8A5D-4975-84E5-56C5F77C6072}"
EndProject
Global
	GlobalSection(SolutionConfigurationPlatforms) = preSolution
		Debug|Any CPU = Debug|Any CPU
		Release|Any CPU = Release|Any CPU
	EndGlobalSection
	GlobalSection(ProjectConfigurationPlatforms) = postSolution
		{0BD3C7B5-8A5D-4975-84E5-56C5F77C6072}.Debug|Any CPU.ActiveCfg = Debug|Any CPU
		{0BD3C7B5-8A5D-4975-84E5-56C5F77C6072}.Debug|Any CPU.Build.0 = Debug|Any CPU
		{0BD3C7B5-8A5D-4975-84E5-56C5F77C6072}.Release|Any CPU.ActiveCfg = Release|Any CPU
		{0BD3C7B5-8A5D-4975-84E5-56C5F77C6072}.Release|Any CPU.Build.0 = Release|Any CPU
	EndGlobalSection
	GlobalSection(SolutionProperties) = preSolution
		HideSolutionNode = FALSE
	EndGlobalSection
	GlobalSection(ExtensibilityGlobals) = postSolution
		SolutionGuid = {4D39D92F-70F7-4C26-A15D-5DEFD7B358E7}
	EndGlobalSection
EndGlobal
